// !$*UTF8*$!
{
	archiveVersion = 1;
	classes = {
	};
	objectVersion = 50;
	objects = {

/* Begin PBXBuildFile section */
		6151228C1AC35A0BD4C45A5E /* Pods_SwiftyXMLParserSample.framework in Frameworks */ = {isa = PBXBuildFile; fileRef = 5BC6FA700B8447095AFEAC11 /* Pods_SwiftyXMLParserSample.framework */; };
		6BCDF15F676AE6B34CFFF3C4 /* Pods_SwiftyXMLParserSampleTests.framework in Frameworks */ = {isa = PBXBuildFile; fileRef = 9455F01B1D70000DC3A60540 /* Pods_SwiftyXMLParserSampleTests.framework */; };
		9785A1FD22F4906B00952289 /* AppDelegate.swift in Sources */ = {isa = PBXBuildFile; fileRef = 9785A1FC22F4906B00952289 /* AppDelegate.swift */; };
		9785A1FF22F4906B00952289 /* SceneDelegate.swift in Sources */ = {isa = PBXBuildFile; fileRef = 9785A1FE22F4906B00952289 /* SceneDelegate.swift */; };
		9785A20122F4906B00952289 /* ViewController.swift in Sources */ = {isa = PBXBuildFile; fileRef = 9785A20022F4906B00952289 /* ViewController.swift */; };
		9785A20422F4906B00952289 /* Main.storyboard in Resources */ = {isa = PBXBuildFile; fileRef = 9785A20222F4906B00952289 /* Main.storyboard */; };
		9785A20622F4906E00952289 /* Assets.xcassets in Resources */ = {isa = PBXBuildFile; fileRef = 9785A20522F4906E00952289 /* Assets.xcassets */; };
		9785A20922F4906E00952289 /* LaunchScreen.storyboard in Resources */ = {isa = PBXBuildFile; fileRef = 9785A20722F4906E00952289 /* LaunchScreen.storyboard */; };
		9785A21422F4906E00952289 /* SwiftyXMLParserSampleTests.swift in Sources */ = {isa = PBXBuildFile; fileRef = 9785A21322F4906E00952289 /* SwiftyXMLParserSampleTests.swift */; };
/* End PBXBuildFile section */

/* Begin PBXContainerItemProxy section */
		9785A21022F4906E00952289 /* PBXContainerItemProxy */ = {
			isa = PBXContainerItemProxy;
			containerPortal = 9785A1F122F4906B00952289 /* Project object */;
			proxyType = 1;
			remoteGlobalIDString = 9785A1F822F4906B00952289;
			remoteInfo = SwiftyXMLParserSample;
		};
/* End PBXContainerItemProxy section */

/* Begin PBXFileReference section */
		43B1F2E62750C3E5ECB06E16 /* Pods-SwiftyXMLParserSample.release.xcconfig */ = {isa = PBXFileReference; includeInIndex = 1; lastKnownFileType = text.xcconfig; name = "Pods-SwiftyXMLParserSample.release.xcconfig"; path = "Target Support Files/Pods-SwiftyXMLParserSample/Pods-SwiftyXMLParserSample.release.xcconfig"; sourceTree = "<group>"; };
		48275C797D88A520438F6E8A /* Pods-SwiftyXMLParserSampleTests.release.xcconfig */ = {isa = PBXFileReference; includeInIndex = 1; lastKnownFileType = text.xcconfig; name = "Pods-SwiftyXMLParserSampleTests.release.xcconfig"; path = "Target Support Files/Pods-SwiftyXMLParserSampleTests/Pods-SwiftyXMLParserSampleTests.release.xcconfig"; sourceTree = "<group>"; };
		5BC6FA700B8447095AFEAC11 /* Pods_SwiftyXMLParserSample.framework */ = {isa = PBXFileReference; explicitFileType = wrapper.framework; includeInIndex = 0; path = Pods_SwiftyXMLParserSample.framework; sourceTree = BUILT_PRODUCTS_DIR; };
		9455F01B1D70000DC3A60540 /* Pods_SwiftyXMLParserSampleTests.framework */ = {isa = PBXFileReference; explicitFileType = wrapper.framework; includeInIndex = 0; path = Pods_SwiftyXMLParserSampleTests.framework; sourceTree = BUILT_PRODUCTS_DIR; };
		9785A1F922F4906B00952289 /* SwiftyXMLParserSample.app */ = {isa = PBXFileReference; explicitFileType = wrapper.application; includeInIndex = 0; path = SwiftyXMLParserSample.app; sourceTree = BUILT_PRODUCTS_DIR; };
		9785A1FC22F4906B00952289 /* AppDelegate.swift */ = {isa = PBXFileReference; lastKnownFileType = sourcecode.swift; path = AppDelegate.swift; sourceTree = "<group>"; };
		9785A1FE22F4906B00952289 /* SceneDelegate.swift */ = {isa = PBXFileReference; lastKnownFileType = sourcecode.swift; path = SceneDelegate.swift; sourceTree = "<group>"; };
		9785A20022F4906B00952289 /* ViewController.swift */ = {isa = PBXFileReference; lastKnownFileType = sourcecode.swift; path = ViewController.swift; sourceTree = "<group>"; };
		9785A20322F4906B00952289 /* Base */ = {isa = PBXFileReference; lastKnownFileType = file.storyboard; name = Base; path = Base.lproj/Main.storyboard; sourceTree = "<group>"; };
		9785A20522F4906E00952289 /* Assets.xcassets */ = {isa = PBXFileReference; lastKnownFileType = folder.assetcatalog; path = Assets.xcassets; sourceTree = "<group>"; };
		9785A20822F4906E00952289 /* Base */ = {isa = PBXFileReference; lastKnownFileType = file.storyboard; name = Base; path = Base.lproj/LaunchScreen.storyboard; sourceTree = "<group>"; };
		9785A20A22F4906E00952289 /* Info.plist */ = {isa = PBXFileReference; lastKnownFileType = text.plist.xml; path = Info.plist; sourceTree = "<group>"; };
		9785A20F22F4906E00952289 /* SwiftyXMLParserSampleTests.xctest */ = {isa = PBXFileReference; explicitFileType = wrapper.cfbundle; includeInIndex = 0; path = SwiftyXMLParserSampleTests.xctest; sourceTree = BUILT_PRODUCTS_DIR; };
		9785A21322F4906E00952289 /* SwiftyXMLParserSampleTests.swift */ = {isa = PBXFileReference; lastKnownFileType = sourcecode.swift; path = SwiftyXMLParserSampleTests.swift; sourceTree = "<group>"; };
		9785A21522F4906E00952289 /* Info.plist */ = {isa = PBXFileReference; lastKnownFileType = text.plist.xml; path = Info.plist; sourceTree = "<group>"; };
		9EC54644CD7A6192B8F72786 /* Pods-SwiftyXMLParserSample.debug.xcconfig */ = {isa = PBXFileReference; includeInIndex = 1; lastKnownFileType = text.xcconfig; name = "Pods-SwiftyXMLParserSample.debug.xcconfig"; path = "Target Support Files/Pods-SwiftyXMLParserSample/Pods-SwiftyXMLParserSample.debug.xcconfig"; sourceTree = "<group>"; };
		DB49D3153A9167A4B2E5D0C5 /* Pods-SwiftyXMLParserSampleTests.debug.xcconfig */ = {isa = PBXFileReference; includeInIndex = 1; lastKnownFileType = text.xcconfig; name = "Pods-SwiftyXMLParserSampleTests.debug.xcconfig"; path = "Target Support Files/Pods-SwiftyXMLParserSampleTests/Pods-SwiftyXMLParserSampleTests.debug.xcconfig"; sourceTree = "<group>"; };
/* End PBXFileReference section */

/* Begin PBXFrameworksBuildPhase section */
		9785A1F622F4906B00952289 /* Frameworks */ = {
			isa = PBXFrameworksBuildPhase;
			buildActionMask = 2147483647;
			files = (
				6151228C1AC35A0BD4C45A5E /* Pods_SwiftyXMLParserSample.framework in Frameworks */,
			);
			runOnlyForDeploymentPostprocessing = 0;
		};
		9785A20C22F4906E00952289 /* Frameworks */ = {
			isa = PBXFrameworksBuildPhase;
			buildActionMask = 2147483647;
			files = (
				6BCDF15F676AE6B34CFFF3C4 /* Pods_SwiftyXMLParserSampleTests.framework in Frameworks */,
			);
			runOnlyForDeploymentPostprocessing = 0;
		};
/* End PBXFrameworksBuildPhase section */

/* Begin PBXGroup section */
		3BFE83F7C6DAA1418AD11D40 /* Pods */ = {
			isa = PBXGroup;
			children = (
				9EC54644CD7A6192B8F72786 /* Pods-SwiftyXMLParserSample.debug.xcconfig */,
				43B1F2E62750C3E5ECB06E16 /* Pods-SwiftyXMLParserSample.release.xcconfig */,
				DB49D3153A9167A4B2E5D0C5 /* Pods-SwiftyXMLParserSampleTests.debug.xcconfig */,
				48275C797D88A520438F6E8A /* Pods-SwiftyXMLParserSampleTests.release.xcconfig */,
			);
			name = Pods;
			path = Pods;
			sourceTree = "<group>";
		};
		9785A1F022F4906B00952289 = {
			isa = PBXGroup;
			children = (
				9785A1FB22F4906B00952289 /* SwiftyXMLParserSample */,
				9785A21222F4906E00952289 /* SwiftyXMLParserSampleTests */,
				9785A1FA22F4906B00952289 /* Products */,
				3BFE83F7C6DAA1418AD11D40 /* Pods */,
				D901725ED926965236823CFA /* Frameworks */,
			);
			sourceTree = "<group>";
		};
		9785A1FA22F4906B00952289 /* Products */ = {
			isa = PBXGroup;
			children = (
				9785A1F922F4906B00952289 /* SwiftyXMLParserSample.app */,
				9785A20F22F4906E00952289 /* SwiftyXMLParserSampleTests.xctest */,
			);
			name = Products;
			sourceTree = "<group>";
		};
		9785A1FB22F4906B00952289 /* SwiftyXMLParserSample */ = {
			isa = PBXGroup;
			children = (
				9785A1FC22F4906B00952289 /* AppDelegate.swift */,
				9785A1FE22F4906B00952289 /* SceneDelegate.swift */,
				9785A20022F4906B00952289 /* ViewController.swift */,
				9785A20222F4906B00952289 /* Main.storyboard */,
				9785A20522F4906E00952289 /* Assets.xcassets */,
				9785A20722F4906E00952289 /* LaunchScreen.storyboard */,
				9785A20A22F4906E00952289 /* Info.plist */,
			);
			path = SwiftyXMLParserSample;
			sourceTree = "<group>";
		};
		9785A21222F4906E00952289 /* SwiftyXMLParserSampleTests */ = {
			isa = PBXGroup;
			children = (
				9785A21322F4906E00952289 /* SwiftyXMLParserSampleTests.swift */,
				9785A21522F4906E00952289 /* Info.plist */,
			);
			path = SwiftyXMLParserSampleTests;
			sourceTree = "<group>";
		};
		D901725ED926965236823CFA /* Frameworks */ = {
			isa = PBXGroup;
			children = (
				5BC6FA700B8447095AFEAC11 /* Pods_SwiftyXMLParserSample.framework */,
				9455F01B1D70000DC3A60540 /* Pods_SwiftyXMLParserSampleTests.framework */,
			);
			name = Frameworks;
			sourceTree = "<group>";
		};
/* End PBXGroup section */

/* Begin PBXNativeTarget section */
		9785A1F822F4906B00952289 /* SwiftyXMLParserSample */ = {
			isa = PBXNativeTarget;
			buildConfigurationList = 9785A21822F4906E00952289 /* Build configuration list for PBXNativeTarget "SwiftyXMLParserSample" */;
			buildPhases = (
				69A7148BA1E808F7A137CCB1 /* [CP] Check Pods Manifest.lock */,
				9785A1F522F4906B00952289 /* Sources */,
				9785A1F622F4906B00952289 /* Frameworks */,
				9785A1F722F4906B00952289 /* Resources */,
				3A182716F6F535A03AEDE175 /* [CP] Embed Pods Frameworks */,
			);
			buildRules = (
			);
			dependencies = (
			);
			name = SwiftyXMLParserSample;
			productName = SwiftyXMLParserSample;
			productReference = 9785A1F922F4906B00952289 /* SwiftyXMLParserSample.app */;
			productType = "com.apple.product-type.application";
		};
		9785A20E22F4906E00952289 /* SwiftyXMLParserSampleTests */ = {
			isa = PBXNativeTarget;
			buildConfigurationList = 9785A21B22F4906E00952289 /* Build configuration list for PBXNativeTarget "SwiftyXMLParserSampleTests" */;
			buildPhases = (
				B02DAA2D5884F118360E08CF /* [CP] Check Pods Manifest.lock */,
				9785A20B22F4906E00952289 /* Sources */,
				9785A20C22F4906E00952289 /* Frameworks */,
				9785A20D22F4906E00952289 /* Resources */,
			);
			buildRules = (
			);
			dependencies = (
				9785A21122F4906E00952289 /* PBXTargetDependency */,
			);
			name = SwiftyXMLParserSampleTests;
			productName = SwiftyXMLParserSampleTests;
			productReference = 9785A20F22F4906E00952289 /* SwiftyXMLParserSampleTests.xctest */;
			productType = "com.apple.product-type.bundle.unit-test";
		};
/* End PBXNativeTarget section */

/* Begin PBXProject section */
		9785A1F122F4906B00952289 /* Project object */ = {
			isa = PBXProject;
			attributes = {
				LastSwiftUpdateCheck = 1100;
				LastUpgradeCheck = 1100;
				ORGANIZATIONNAME = "Shota Nakagami";
				TargetAttributes = {
					9785A1F822F4906B00952289 = {
						CreatedOnToolsVersion = 11.0;
					};
					9785A20E22F4906E00952289 = {
						CreatedOnToolsVersion = 11.0;
						TestTargetID = 9785A1F822F4906B00952289;
					};
				};
			};
			buildConfigurationList = 9785A1F422F4906B00952289 /* Build configuration list for PBXProject "SwiftyXMLParserSample" */;
			compatibilityVersion = "Xcode 9.3";
			developmentRegion = en;
			hasScannedForEncodings = 0;
			knownRegions = (
				en,
				Base,
			);
			mainGroup = 9785A1F022F4906B00952289;
			productRefGroup = 9785A1FA22F4906B00952289 /* Products */;
			projectDirPath = "";
			projectRoot = "";
			targets = (
				9785A1F822F4906B00952289 /* SwiftyXMLParserSample */,
				9785A20E22F4906E00952289 /* SwiftyXMLParserSampleTests */,
			);
		};
/* End PBXProject section */

/* Begin PBXResourcesBuildPhase section */
		9785A1F722F4906B00952289 /* Resources */ = {
			isa = PBXResourcesBuildPhase;
			buildActionMask = 2147483647;
			files = (
				9785A20922F4906E00952289 /* LaunchScreen.storyboard in Resources */,
				9785A20622F4906E00952289 /* Assets.xcassets in Resources */,
				9785A20422F4906B00952289 /* Main.storyboard in Resources */,
			);
			runOnlyForDeploymentPostprocessing = 0;
		};
		9785A20D22F4906E00952289 /* Resources */ = {
			isa = PBXResourcesBuildPhase;
			buildActionMask = 2147483647;
			files = (
			);
			runOnlyForDeploymentPostprocessing = 0;
		};
/* End PBXResourcesBuildPhase section */

/* Begin PBXShellScriptBuildPhase section */
		3A182716F6F535A03AEDE175 /* [CP] Embed Pods Frameworks */ = {
			isa = PBXShellScriptBuildPhase;
			buildActionMask = 2147483647;
			files = (
			);
			inputFileListPaths = (
				"${PODS_ROOT}/Target Support Files/Pods-SwiftyXMLParserSample/Pods-SwiftyXMLParserSample-frameworks-${CONFIGURATION}-input-files.xcfilelist",
			);
			name = "[CP] Embed Pods Frameworks";
			outputFileListPaths = (
				"${PODS_ROOT}/Target Support Files/Pods-SwiftyXMLParserSample/Pods-SwiftyXMLParserSample-frameworks-${CONFIGURATION}-output-files.xcfilelist",
			);
			runOnlyForDeploymentPostprocessing = 0;
			shellPath = /bin/sh;
			shellScript = "\"${PODS_ROOT}/Target Support Files/Pods-SwiftyXMLParserSample/Pods-SwiftyXMLParserSample-frameworks.sh\"\n";
			showEnvVarsInLog = 0;
		};
		69A7148BA1E808F7A137CCB1 /* [CP] Check Pods Manifest.lock */ = {
			isa = PBXShellScriptBuildPhase;
			buildActionMask = 2147483647;
			files = (
			);
			inputFileListPaths = (
			);
			inputPaths = (
				"${PODS_PODFILE_DIR_PATH}/Podfile.lock",
				"${PODS_ROOT}/Manifest.lock",
			);
			name = "[CP] Check Pods Manifest.lock";
			outputFileListPaths = (
			);
			outputPaths = (
				"$(DERIVED_FILE_DIR)/Pods-SwiftyXMLParserSample-checkManifestLockResult.txt",
			);
			runOnlyForDeploymentPostprocessing = 0;
			shellPath = /bin/sh;
			shellScript = "diff \"${PODS_PODFILE_DIR_PATH}/Podfile.lock\" \"${PODS_ROOT}/Manifest.lock\" > /dev/null\nif [ $? != 0 ] ; then\n    # print error to STDERR\n    echo \"error: The sandbox is not in sync with the Podfile.lock. Run 'pod install' or update your CocoaPods installation.\" >&2\n    exit 1\nfi\n# This output is used by Xcode 'outputs' to avoid re-running this script phase.\necho \"SUCCESS\" > \"${SCRIPT_OUTPUT_FILE_0}\"\n";
			showEnvVarsInLog = 0;
		};
		B02DAA2D5884F118360E08CF /* [CP] Check Pods Manifest.lock */ = {
			isa = PBXShellScriptBuildPhase;
			buildActionMask = 2147483647;
			files = (
			);
			inputFileListPaths = (
			);
			inputPaths = (
				"${PODS_PODFILE_DIR_PATH}/Podfile.lock",
				"${PODS_ROOT}/Manifest.lock",
			);
			name = "[CP] Check Pods Manifest.lock";
			outputFileListPaths = (
			);
			outputPaths = (
				"$(DERIVED_FILE_DIR)/Pods-SwiftyXMLParserSampleTests-checkManifestLockResult.txt",
			);
			runOnlyForDeploymentPostprocessing = 0;
			shellPath = /bin/sh;
			shellScript = "diff \"${PODS_PODFILE_DIR_PATH}/Podfile.lock\" \"${PODS_ROOT}/Manifest.lock\" > /dev/null\nif [ $? != 0 ] ; then\n    # print error to STDERR\n    echo \"error: The sandbox is not in sync with the Podfile.lock. Run 'pod install' or update your CocoaPods installation.\" >&2\n    exit 1\nfi\n# This output is used by Xcode 'outputs' to avoid re-running this script phase.\necho \"SUCCESS\" > \"${SCRIPT_OUTPUT_FILE_0}\"\n";
			showEnvVarsInLog = 0;
		};
/* End PBXShellScriptBuildPhase section */

/* Begin PBXSourcesBuildPhase section */
		9785A1F522F4906B00952289 /* Sources */ = {
			isa = PBXSourcesBuildPhase;
			buildActionMask = 2147483647;
			files = (
				9785A20122F4906B00952289 /* ViewController.swift in Sources */,
				9785A1FD22F4906B00952289 /* AppDelegate.swift in Sources */,
				9785A1FF22F4906B00952289 /* SceneDelegate.swift in Sources */,
			);
			runOnlyForDeploymentPostprocessing = 0;
		};
		9785A20B22F4906E00952289 /* Sources */ = {
			isa = PBXSourcesBuildPhase;
			buildActionMask = 2147483647;
			files = (
				9785A21422F4906E00952289 /* SwiftyXMLParserSampleTests.swift in Sources */,
			);
			runOnlyForDeploymentPostprocessing = 0;
		};
/* End PBXSourcesBuildPhase section */

/* Begin PBXTargetDependency section */
		9785A21122F4906E00952289 /* PBXTargetDependency */ = {
			isa = PBXTargetDependency;
			target = 9785A1F822F4906B00952289 /* SwiftyXMLParserSample */;
			targetProxy = 9785A21022F4906E00952289 /* PBXContainerItemProxy */;
		};
/* End PBXTargetDependency section */

/* Begin PBXVariantGroup section */
		9785A20222F4906B00952289 /* Main.storyboard */ = {
			isa = PBXVariantGroup;
			children = (
				9785A20322F4906B00952289 /* Base */,
			);
			name = Main.storyboard;
			sourceTree = "<group>";
		};
		9785A20722F4906E00952289 /* LaunchScreen.storyboard */ = {
			isa = PBXVariantGroup;
			children = (
				9785A20822F4906E00952289 /* Base */,
			);
			name = LaunchScreen.storyboard;
			sourceTree = "<group>";
		};
/* End PBXVariantGroup section */

/* Begin XCBuildConfiguration section */
		9785A21622F4906E00952289 /* Debug */ = {
			isa = XCBuildConfiguration;
			buildSettings = {
				ALWAYS_SEARCH_USER_PATHS = NO;
				CLANG_ANALYZER_NONNULL = YES;
				CLANG_ANALYZER_NUMBER_OBJECT_CONVERSION = YES_AGGRESSIVE;
				CLANG_CXX_LANGUAGE_STANDARD = "gnu++14";
				CLANG_CXX_LIBRARY = "libc++";
				CLANG_ENABLE_MODULES = YES;
				CLANG_ENABLE_OBJC_ARC = YES;
				CLANG_ENABLE_OBJC_WEAK = YES;
				CLANG_WARN_BLOCK_CAPTURE_AUTORELEASING = YES;
				CLANG_WARN_BOOL_CONVERSION = YES;
				CLANG_WARN_COMMA = YES;
				CLANG_WARN_CONSTANT_CONVERSION = YES;
				CLANG_WARN_DEPRECATED_OBJC_IMPLEMENTATIONS = YES;
				CLANG_WARN_DIRECT_OBJC_ISA_USAGE = YES_ERROR;
				CLANG_WARN_DOCUMENTATION_COMMENTS = YES;
				CLANG_WARN_EMPTY_BODY = YES;
				CLANG_WARN_ENUM_CONVERSION = YES;
				CLANG_WARN_INFINITE_RECURSION = YES;
				CLANG_WARN_INT_CONVERSION = YES;
				CLANG_WARN_NON_LITERAL_NULL_CONVERSION = YES;
				CLANG_WARN_OBJC_IMPLICIT_RETAIN_SELF = YES;
				CLANG_WARN_OBJC_LITERAL_CONVERSION = YES;
				CLANG_WARN_OBJC_ROOT_CLASS = YES_ERROR;
				CLANG_WARN_RANGE_LOOP_ANALYSIS = YES;
				CLANG_WARN_STRICT_PROTOTYPES = YES;
				CLANG_WARN_SUSPICIOUS_MOVE = YES;
				CLANG_WARN_UNGUARDED_AVAILABILITY = YES_AGGRESSIVE;
				CLANG_WARN_UNREACHABLE_CODE = YES;
				CLANG_WARN__DUPLICATE_METHOD_MATCH = YES;
				COPY_PHASE_STRIP = NO;
				DEBUG_INFORMATION_FORMAT = dwarf;
				ENABLE_STRICT_OBJC_MSGSEND = YES;
				ENABLE_TESTABILITY = YES;
				GCC_C_LANGUAGE_STANDARD = gnu11;
				GCC_DYNAMIC_NO_PIC = NO;
				GCC_NO_COMMON_BLOCKS = YES;
				GCC_OPTIMIZATION_LEVEL = 0;
				GCC_PREPROCESSOR_DEFINITIONS = (
					"DEBUG=1",
					"$(inherited)",
				);
				GCC_WARN_64_TO_32_BIT_CONVERSION = YES;
				GCC_WARN_ABOUT_RETURN_TYPE = YES_ERROR;
				GCC_WARN_UNDECLARED_SELECTOR = YES;
				GCC_WARN_UNINITIALIZED_AUTOS = YES_AGGRESSIVE;
				GCC_WARN_UNUSED_FUNCTION = YES;
				GCC_WARN_UNUSED_VARIABLE = YES;
				IPHONEOS_DEPLOYMENT_TARGET = 13.0;
				MTL_ENABLE_DEBUG_INFO = INCLUDE_SOURCE;
				MTL_FAST_MATH = YES;
				ONLY_ACTIVE_ARCH = YES;
				SDKROOT = iphoneos;
				SWIFT_ACTIVE_COMPILATION_CONDITIONS = DEBUG;
				SWIFT_OPTIMIZATION_LEVEL = "-Onone";
			};
			name = Debug;
		};
		9785A21722F4906E00952289 /* Release */ = {
			isa = XCBuildConfiguration;
			buildSettings = {
				ALWAYS_SEARCH_USER_PATHS = NO;
				CLANG_ANALYZER_NONNULL = YES;
				CLANG_ANALYZER_NUMBER_OBJECT_CONVERSION = YES_AGGRESSIVE;
				CLANG_CXX_LANGUAGE_STANDARD = "gnu++14";
				CLANG_CXX_LIBRARY = "libc++";
				CLANG_ENABLE_MODULES = YES;
				CLANG_ENABLE_OBJC_ARC = YES;
				CLANG_ENABLE_OBJC_WEAK = YES;
				CLANG_WARN_BLOCK_CAPTURE_AUTORELEASING = YES;
				CLANG_WARN_BOOL_CONVERSION = YES;
				CLANG_WARN_COMMA = YES;
				CLANG_WARN_CONSTANT_CONVERSION = YES;
				CLANG_WARN_DEPRECATED_OBJC_IMPLEMENTATIONS = YES;
				CLANG_WARN_DIRECT_OBJC_ISA_USAGE = YES_ERROR;
				CLANG_WARN_DOCUMENTATION_COMMENTS = YES;
				CLANG_WARN_EMPTY_BODY = YES;
				CLANG_WARN_ENUM_CONVERSION = YES;
				CLANG_WARN_INFINITE_RECURSION = YES;
				CLANG_WARN_INT_CONVERSION = YES;
				CLANG_WARN_NON_LITERAL_NULL_CONVERSION = YES;
				CLANG_WARN_OBJC_IMPLICIT_RETAIN_SELF = YES;
				CLANG_WARN_OBJC_LITERAL_CONVERSION = YES;
				CLANG_WARN_OBJC_ROOT_CLASS = YES_ERROR;
				CLANG_WARN_RANGE_LOOP_ANALYSIS = YES;
				CLANG_WARN_STRICT_PROTOTYPES = YES;
				CLANG_WARN_SUSPICIOUS_MOVE = YES;
				CLANG_WARN_UNGUARDED_AVAILABILITY = YES_AGGRESSIVE;
				CLANG_WARN_UNREACHABLE_CODE = YES;
				CLANG_WARN__DUPLICATE_METHOD_MATCH = YES;
				COPY_PHASE_STRIP = NO;
				DEBUG_INFORMATION_FORMAT = "dwarf-with-dsym";
				ENABLE_NS_ASSERTIONS = NO;
				ENABLE_STRICT_OBJC_MSGSEND = YES;
				GCC_C_LANGUAGE_STANDARD = gnu11;
				GCC_NO_COMMON_BLOCKS = YES;
				GCC_WARN_64_TO_32_BIT_CONVERSION = YES;
				GCC_WARN_ABOUT_RETURN_TYPE = YES_ERROR;
				GCC_WARN_UNDECLARED_SELECTOR = YES;
				GCC_WARN_UNINITIALIZED_AUTOS = YES_AGGRESSIVE;
				GCC_WARN_UNUSED_FUNCTION = YES;
				GCC_WARN_UNUSED_VARIABLE = YES;
				IPHONEOS_DEPLOYMENT_TARGET = 13.0;
				MTL_ENABLE_DEBUG_INFO = NO;
				MTL_FAST_MATH = YES;
				SDKROOT = iphoneos;
				SWIFT_COMPILATION_MODE = wholemodule;
				SWIFT_OPTIMIZATION_LEVEL = "-O";
				VALIDATE_PRODUCT = YES;
			};
			name = Release;
		};
		9785A21922F4906E00952289 /* Debug */ = {
			isa = XCBuildConfiguration;
			baseConfigurationReference = 9EC54644CD7A6192B8F72786 /* Pods-SwiftyXMLParserSample.debug.xcconfig */;
			buildSettings = {
				ASSETCATALOG_COMPILER_APPICON_NAME = AppIcon;
				CODE_SIGN_STYLE = Automatic;
				DEVELOPMENT_TEAM = 8U533Y3X82;
				INFOPLIST_FILE = SwiftyXMLParserSample/Info.plist;
				LD_RUNPATH_SEARCH_PATHS = (
					"$(inherited)",
					"@executable_path/Frameworks",
				);
				PRODUCT_BUNDLE_IDENTIFIER = com.shotanakagami.SwiftyXMLParserSample;
				PRODUCT_NAME = "$(TARGET_NAME)";
				SWIFT_VERSION = 5.0;
				TARGETED_DEVICE_FAMILY = "1,2";
			};
			name = Debug;
		};
		9785A21A22F4906E00952289 /* Release */ = {
			isa = XCBuildConfiguration;
			baseConfigurationReference = 43B1F2E62750C3E5ECB06E16 /* Pods-SwiftyXMLParserSample.release.xcconfig */;
			buildSettings = {
				ASSETCATALOG_COMPILER_APPICON_NAME = AppIcon;
				CODE_SIGN_STYLE = Automatic;
				DEVELOPMENT_TEAM = 8U533Y3X82;
				INFOPLIST_FILE = SwiftyXMLParserSample/Info.plist;
				LD_RUNPATH_SEARCH_PATHS = (
					"$(inherited)",
					"@executable_path/Frameworks",
				);
				PRODUCT_BUNDLE_IDENTIFIER = com.shotanakagami.SwiftyXMLParserSample;
				PRODUCT_NAME = "$(TARGET_NAME)";
				SWIFT_VERSION = 5.0;
				TARGETED_DEVICE_FAMILY = "1,2";
			};
			name = Release;
		};
		9785A21C22F4906E00952289 /* Debug */ = {
			isa = XCBuildConfiguration;
			baseConfigurationReference = DB49D3153A9167A4B2E5D0C5 /* Pods-SwiftyXMLParserSampleTests.debug.xcconfig */;
			buildSettings = {
				ALWAYS_EMBED_SWIFT_STANDARD_LIBRARIES = YES;
				BUNDLE_LOADER = "$(TEST_HOST)";
				CODE_SIGN_STYLE = Automatic;
				DEVELOPMENT_TEAM = 8U533Y3X82;
				INFOPLIST_FILE = SwiftyXMLParserSampleTests/Info.plist;
				LD_RUNPATH_SEARCH_PATHS = (
					"$(inherited)",
					"@executable_path/Frameworks",
					"@loader_path/Frameworks",
				);
				PRODUCT_BUNDLE_IDENTIFIER = com.shotanakagami.SwiftyXMLParserSampleTests;
				PRODUCT_NAME = "$(TARGET_NAME)";
				SWIFT_VERSION = 5.0;
				TARGETED_DEVICE_FAMILY = "1,2";
				TEST_HOST = "$(BUILT_PRODUCTS_DIR)/SwiftyXMLParserSample.app/SwiftyXMLParserSample";
			};
			name = Debug;
		};
		9785A21D22F4906E00952289 /* Release */ = {
			isa = XCBuildConfiguration;
			baseConfigurationReference = 48275C797D88A520438F6E8A /* Pods-SwiftyXMLParserSampleTests.release.xcconfig */;
			buildSettings = {
				ALWAYS_EMBED_SWIFT_STANDARD_LIBRARIES = YES;
				BUNDLE_LOADER = "$(TEST_HOST)";
				CODE_SIGN_STYLE = Automatic;
				DEVELOPMENT_TEAM = 8U533Y3X82;
				INFOPLIST_FILE = SwiftyXMLParserSampleTests/Info.plist;
				LD_RUNPATH_SEARCH_PATHS = (
					"$(inherited)",
					"@executable_path/Frameworks",
					"@loader_path/Frameworks",
				);
				PRODUCT_BUNDLE_IDENTIFIER = com.shotanakagami.SwiftyXMLParserSampleTests;
				PRODUCT_NAME = "$(TARGET_NAME)";
				SWIFT_VERSION = 5.0;
				TARGETED_DEVICE_FAMILY = "1,2";
				TEST_HOST = "$(BUILT_PRODUCTS_DIR)/SwiftyXMLParserSample.app/SwiftyXMLParserSample";
			};
			name = Release;
		};
/* End XCBuildConfiguration section */

/* Begin XCConfigurationList section */
		9785A1F422F4906B00952289 /* Build configuration list for PBXProject "SwiftyXMLParserSample" */ = {
			isa = XCConfigurationList;
			buildConfigurations = (
				9785A21622F4906E00952289 /* Debug */,
				9785A21722F4906E00952289 /* Release */,
			);
			defaultConfigurationIsVisible = 0;
			defaultConfigurationName = Release;
		};
		9785A21822F4906E00952289 /* Build configuration list for PBXNativeTarget "SwiftyXMLParserSample" */ = {
			isa = XCConfigurationList;
			buildConfigurations = (
				9785A21922F4906E00952289 /* Debug */,
				9785A21A22F4906E00952289 /* Release */,
			);
			defaultConfigurationIsVisible = 0;
			defaultConfigurationName = Release;
		};
		9785A21B22F4906E00952289 /* Build configuration list for PBXNativeTarget "SwiftyXMLParserSampleTests" */ = {
			isa = XCConfigurationList;
			buildConfigurations = (
				9785A21C22F4906E00952289 /* Debug */,
				9785A21D22F4906E00952289 /* Release */,
			);
			defaultConfigurationIsVisible = 0;
			defaultConfigurationName = Release;
		};
/* End XCConfigurationList section */
	};
	rootObject = 9785A1F122F4906B00952289 /* Project object */;
}
